# @generated by Move, please check-in and do not edit manually.

[move]
version = 2
manifest_digest = "5C525757BE4245F8823270E31CC13EC6C1BABEB8CA7108BB1861FE3DB950D90D"
deps_digest = "F8BBB0CCB2491CA29A3DF03D6F92277A4F3574266507ACD77214D37ECA3F3082"
dependencies = [
  { name = "Sui" },
]

[[move.package]]
name = "MoveStdlib"
source = { git = "https://github.com/MystenLabs/sui.git", rev = "framework/testnet", subdir = "crates/sui-framework/packages/move-stdlib" }

[[move.package]]
name = "Sui"
source = { git = "https://github.com/MystenLabs/sui.git", rev = "framework/testnet", subdir = "crates/sui-framework/packages/sui-framework" }

dependencies = [
  { name = "MoveStdlib" },
]

[move.toolchain-version]
compiler-version = "1.23.1"
edition = "2024.beta"
flavor = "sui"

[env]

[env.testnet]
chain-id = "4c78adac"
original-published-id = "0x4b9e8cdbf098496afbc5f3663acda73a05fda7695edadde04b2988da2689a6eb"
latest-published-id = "0x4b9e8cdbf098496afbc5f3663acda73a05fda7695edadde04b2988da2689a6eb"
published-version = "1"
